annotated-doc==0.0.5
annotated-types==0.8.0
anyio==4.14.2
ast_serialize==0.8.0
click==8.5.0
fastapi==0.141.1
fastcrc==0.3.6
grpcio==1.83.1
h11==0.16.0
httptools==0.8.0
idna==3.19
iniconfig==2.3.0
librt==0.15.0
loguru==0.7.3
lxml==6.1.2
mavsdk==3.17.2
mypy==2.3.1
mypy_extensions==1.1.0
numpy==2.5.2
opencv-python-headless==5.0.0.93
packaging==26.3
pathspec==1.1.1
pluggy==1.6.0
protobuf==7.36.1
pydantic==2.13.5
pydantic_core==2.46.5
Pygments==2.21.0
pymavlink==2.4.49
pyserial==3.5
pytest==9.1.1
python-dotenv==1.2.3
PyYAML==6.0.3
ruff==0.16.5
starlette==1.6.0
typing-inspection==0.4.4
typing_extensions==4.16.0
uvicorn==0.52.4
uvloop==0.22.1
watchfiles==1.2.0
websockets==17.1
